
Microsoft Visual Studio Solution File, Format Version 12.00
# Visual Studio Version 16
VisualStudioVersion = 16.0.30523.141
MinimumVisualStudioVersion = 10.0.40219.1
Project("{8BC9CEB8-8B4A-11D0-8D11-00A0C91BC942}") = "7.3", "7.3.vcxproj", "{D7521DB6-EB76-49B6-89B1-7EB970D0E1AC}"
EndProject
Project("{8BC9CEB8-8B4A-11D0-8D11-00A0C91BC942}") = "UnitTest4", "UnitTest4\UnitTest4.vcxproj", "{0AFBF313-67E4-4E7B-9501-B843CAD2FD7A}"
EndProject
Global
	GlobalSection(SolutionConfigurationPlatforms) = preSolution
		Debug|x64 = Debug|x64
		Debug|x86 = Debug|x86
		Release|x64 = Release|x64
		Release|x86 = Release|x86
	EndGlobalSection
	GlobalSection(ProjectConfigurationPlatforms) = postSolution
		{D7521DB6-EB76-49B6-89B1-7EB970D0E1AC}.Debug|x64.ActiveCfg = Debug|x64
		{D7521DB6-EB76-49B6-89B1-7EB970D0E1AC}.Debug|x64.Build.0 = Debug|x64
		{D7521DB6-EB76-49B6-89B1-7EB970D0E1AC}.Debug|x86.ActiveCfg = Debug|Win32
		{D7521DB6-EB76-49B6-89B1-7EB970D0E1AC}.Debug|x86.Build.0 = Debug|Win32
		{D7521DB6-EB76-49B6-89B1-7EB970D0E1AC}.Release|x64.ActiveCfg = Release|x64
		{D7521DB6-EB76-49B6-89B1-7EB970D0E1AC}.Release|x64.Build.0 = Release|x64
		{D7521DB6-EB76-49B6-89B1-7EB970D0E1AC}.Release|x86.ActiveCfg = Release|Win32
		{D7521DB6-EB76-49B6-89B1-7EB970D0E1AC}.Release|x86.Build.0 = Release|Win32
		{0AFBF313-67E4-4E7B-9501-B843CAD2FD7A}.Debug|x64.ActiveCfg = Debug|x64
		{0AFBF313-67E4-4E7B-9501-B843CAD2FD7A}.Debug|x64.Build.0 = Debug|x64
		{0AFBF313-67E4-4E7B-9501-B843CAD2FD7A}.Debug|x86.ActiveCfg = Debug|Win32
		{0AFBF313-67E4-4E7B-9501-B843CAD2FD7A}.Debug|x86.Build.0 = Debug|Win32
		{0AFBF313-67E4-4E7B-9501-B843CAD2FD7A}.Release|x64.ActiveCfg = Release|x64
		{0AFBF313-67E4-4E7B-9501-B843CAD2FD7A}.Release|x64.Build.0 = Release|x64
		{0AFBF313-67E4-4E7B-9501-B843CAD2FD7A}.Release|x86.ActiveCfg = Release|Win32
		{0AFBF313-67E4-4E7B-9501-B843CAD2FD7A}.Release|x86.Build.0 = Release|Win32
	EndGlobalSection
	GlobalSection(SolutionProperties) = preSolution
		HideSolutionNode = FALSE
	EndGlobalSection
	GlobalSection(ExtensibilityGlobals) = postSolution
		SolutionGuid = {7FB69897-FD5F-4C08-ACB8-94B2162E54A9}
	EndGlobalSection
EndGlobal
